{
  "lockfileVersion": 1,
  "workspaces": {
    "": {
      "name": "PLACEHOLDER",
      "dependencies": {
        "dotenv": "^16.5.0",
        "hono": "^4.7.8",
      },
    },
  },
  "packages": {
    "dotenv": ["dotenv@16.5.0", "", {}, "sha512-m/C+AwOAr9/W1UOIZUo232ejMNnJAJtYQjUbHoNTBNTJSvqzzDh7vnrei3o3r3m9blf6ZoDkvcw0VmozNRFJxg=="],

    "hono": ["hono@4.7.8", "", {}, "sha512-PCibtFdxa7/Ldud9yddl1G81GjYaeMYYTq4ywSaNsYbB1Lug4mwtOMJf2WXykL0pntYwmpRJeOI3NmoDgD+Jxw=="],
  }
}
